
Microsoft Visual Studio Solution File, Format Version 12.00
# Visual Studio Version 17
VisualStudioVersion = 17.6.33815.320
MinimumVisualStudioVersion = 10.0.40219.1
Project("{FAE04EC0-301F-11D3-BF4B-00C04F79EFBC}") = "HajósTeszt", "HajósTeszt\HajósTeszt.csproj", "{A32C388E-77C4-41ED-9A2E-FC2620B81C67}"
EndProject
Global
	GlobalSection(SolutionConfigurationPlatforms) = preSolution
		Debug|Any CPU = Debug|Any CPU
		Release|Any CPU = Release|Any CPU
	EndGlobalSection
	GlobalSection(ProjectConfigurationPlatforms) = postSolution
		{A32C388E-77C4-41ED-9A2E-FC2620B81C67}.Debug|Any CPU.ActiveCfg = Debug|Any CPU
		{A32C388E-77C4-41ED-9A2E-FC2620B81C67}.Debug|Any CPU.Build.0 = Debug|Any CPU
		{A32C388E-77C4-41ED-9A2E-FC2620B81C67}.Release|Any CPU.ActiveCfg = Release|Any CPU
		{A32C388E-77C4-41ED-9A2E-FC2620B81C67}.Release|Any CPU.Build.0 = Release|Any CPU
	EndGlobalSection
	GlobalSection(SolutionProperties) = preSolution
		HideSolutionNode = FALSE
	EndGlobalSection
	GlobalSection(ExtensibilityGlobals) = postSolution
		SolutionGuid = {4772B0A1-DF78-4598-BF0E-FE0CFC26B56D}
	EndGlobalSection
EndGlobal
